
Microsoft Visual Studio Solution File, Format Version 12.00
# Visual Studio Version 17
VisualStudioVersion = 17.9.34728.123
MinimumVisualStudioVersion = 10.0.40219.1
Project("{2150E333-8FDC-42A3-9474-1A3956D46DE8}") = "Core", "Core", "{430B8349-810B-4C73-B416-0A33BE5118FF}"
EndProject
Project("{2150E333-8FDC-42A3-9474-1A3956D46DE8}") = "External", "External", "{AF062A1B-E03C-48B9-B415-A93D60661CF3}"
EndProject
Project("{9A19103F-16F7-4668-BE54-9A1E7A4F7556}") = "GoalFinder.Data", "Core\GoalFinder.Data\GoalFinder.Data.csproj", "{C9B3FCD0-A9AE-4371-9D0E-21E14CB004BA}"
EndProject
Project("{2150E333-8FDC-42A3-9474-1A3956D46DE8}") = "Persistence", "Persistence", "{9B48F674-2738-4AED-BB6B-2F837DB2FE0A}"
EndProject
Project("{2150E333-8FDC-42A3-9474-1A3956D46DE8}") = "Relational", "Relational", "{DFC7BA24-D02F-476A-9F41-AE812482CC7D}"
EndProject
Project("{2150E333-8FDC-42A3-9474-1A3956D46DE8}") = "Common", "Common", "{58C7CB0D-8611-4A03-8EF3-B3D1AC32D559}"
EndProject
Project("{9A19103F-16F7-4668-BE54-9A1E7A4F7556}") = "GoalFinder.Configuration", "External\Common\GoalFinder.Configuration\GoalFinder.Configuration.csproj", "{DE02CFD8-20E2-4019-AE0B-492D80FC5F52}"
EndProject
Project("{2150E333-8FDC-42A3-9474-1A3956D46DE8}") = "Infrastructure", "Infrastructure", "{3B7CFBDA-21AF-469A-824C-C47166FDF863}"
EndProject
Project("{9A19103F-16F7-4668-BE54-9A1E7A4F7556}") = "GoalFinder.MySqlRelationalDb", "External\Infrastructure\Persistence\Relational\GoalFinder.MySqlRelationalDb\GoalFinder.MySqlRelationalDb.csproj", "{F965B850-2937-40CD-AB19-B9CBA16101F3}"
EndProject
Project("{9A19103F-16F7-4668-BE54-9A1E7A4F7556}") = "GoalFinder.Application", "Core\GoalFinder.Application\GoalFinder.Application.csproj", "{A64C156A-ED8C-4002-9D76-599B70403A5C}"
EndProject
Project("{2150E333-8FDC-42A3-9474-1A3956D46DE8}") = "Presentation", "Presentation", "{9B707236-3D92-45C7-A393-DBC9B10B1995}"
EndProject
Project("{9A19103F-16F7-4668-BE54-9A1E7A4F7556}") = "GoalFinder.WebApi", "External\Presentation\GoalFinder.WebApi\GoalFinder.WebApi.csproj", "{5643111A-799C-491A-93B8-6B7659FECBAD}"
EndProject
Project("{2150E333-8FDC-42A3-9474-1A3956D46DE8}") = "FileObjectStorage", "FileObjectStorage", "{AEDCCA94-E5B7-4AC0-9A4B-47D46A556112}"
EndProject
Project("{2150E333-8FDC-42A3-9474-1A3956D46DE8}") = "Image", "Image", "{F2505ADF-762C-4758-B2DE-4CF1F64B69D1}"
EndProject
Project("{9A19103F-16F7-4668-BE54-9A1E7A4F7556}") = "GoalFinder.ImageCloudinary", "External\Infrastructure\FileObjectStorage\Image\GoalFinder.ImageCloudinary\GoalFinder.ImageCloudinary.csproj", "{9300DE6B-1059-42E3-8D74-A25F468FCB05}"
EndProject
Project("{2150E333-8FDC-42A3-9474-1A3956D46DE8}") = "IdentityService", "IdentityService", "{EFAA32BF-78EF-4049-9427-D7BF68A540B0}"
EndProject
Project("{2150E333-8FDC-42A3-9474-1A3956D46DE8}") = "JsonWebToken", "JsonWebToken", "{68C44829-E714-45AE-8BA8-083FEA86E189}"
EndProject
Project("{9A19103F-16F7-4668-BE54-9A1E7A4F7556}") = "GoalFinder.AppJsonWebToken", "External\Infrastructure\IdentityService\JsonWebToken\GoalFinder.AppJsonWebToken\GoalFinder.AppJsonWebToken.csproj", "{4DAE00C0-ABB2-468B-ACFB-FF32174F7B5D}"
EndProject
Project("{2150E333-8FDC-42A3-9474-1A3956D46DE8}") = "Caching", "Caching", "{5BDE92BF-9124-478D-9383-DE5F777367A0}"
EndProject
Project("{9A19103F-16F7-4668-BE54-9A1E7A4F7556}") = "GoalFinder.RedisCachingDb", "External\Infrastructure\Persistence\Caching\GoalFinder.RedisCachingDb\GoalFinder.RedisCachingDb.csproj", "{07BA687F-0079-44E8-8DC6-222F23F703E1}"
EndProject
Project("{2150E333-8FDC-42A3-9474-1A3956D46DE8}") = "Notification", "Notification", "{38E15275-A004-489D-B6D1-2945E7DCD4AF}"
EndProject
Project("{2150E333-8FDC-42A3-9474-1A3956D46DE8}") = "Mail", "Mail", "{30517B02-EB43-444F-AAC2-0570943CD1F4}"
EndProject
Project("{9A19103F-16F7-4668-BE54-9A1E7A4F7556}") = "GoalFinder.GoogleSmtpServerForMail", "External\Infrastructure\Notification\Mail\GoalFinder.GoogleSmtpServerForMail\GoalFinder.GoogleSmtpServerForMail.csproj", "{8FCA9EA9-9734-4F8C-85A0-208A10F7B633}"
EndProject
Project("{2150E333-8FDC-42A3-9474-1A3956D46DE8}") = "OTP", "OTP", "{7792438F-9E80-4E92-9947-B4EBB76358C0}"
EndProject
Project("{FAE04EC0-301F-11D3-BF4B-00C04F79EFBC}") = "GoalFinder.AppOTP", "External\Infrastructure\IdentityService\OTP\GoalFinder.AppOTP\GoalFinder.AppOTP.csproj", "{C1C87172-9082-431B-8EF3-89A8417E5A72}"
EndProject
Global
	GlobalSection(SolutionConfigurationPlatforms) = preSolution
		Debug|Any CPU = Debug|Any CPU
		Release|Any CPU = Release|Any CPU
	EndGlobalSection
	GlobalSection(ProjectConfigurationPlatforms) = postSolution
		{C9B3FCD0-A9AE-4371-9D0E-21E14CB004BA}.Debug|Any CPU.ActiveCfg = Debug|Any CPU
		{C9B3FCD0-A9AE-4371-9D0E-21E14CB004BA}.Debug|Any CPU.Build.0 = Debug|Any CPU
		{C9B3FCD0-A9AE-4371-9D0E-21E14CB004BA}.Release|Any CPU.ActiveCfg = Release|Any CPU
		{C9B3FCD0-A9AE-4371-9D0E-21E14CB004BA}.Release|Any CPU.Build.0 = Release|Any CPU
		{DE02CFD8-20E2-4019-AE0B-492D80FC5F52}.Debug|Any CPU.ActiveCfg = Debug|Any CPU
		{DE02CFD8-20E2-4019-AE0B-492D80FC5F52}.Debug|Any CPU.Build.0 = Debug|Any CPU
		{DE02CFD8-20E2-4019-AE0B-492D80FC5F52}.Release|Any CPU.ActiveCfg = Release|Any CPU
		{DE02CFD8-20E2-4019-AE0B-492D80FC5F52}.Release|Any CPU.Build.0 = Release|Any CPU
		{F965B850-2937-40CD-AB19-B9CBA16101F3}.Debug|Any CPU.ActiveCfg = Debug|Any CPU
		{F965B850-2937-40CD-AB19-B9CBA16101F3}.Debug|Any CPU.Build.0 = Debug|Any CPU
		{F965B850-2937-40CD-AB19-B9CBA16101F3}.Release|Any CPU.ActiveCfg = Release|Any CPU
		{F965B850-2937-40CD-AB19-B9CBA16101F3}.Release|Any CPU.Build.0 = Release|Any CPU
		{A64C156A-ED8C-4002-9D76-599B70403A5C}.Debug|Any CPU.ActiveCfg = Debug|Any CPU
		{A64C156A-ED8C-4002-9D76-599B70403A5C}.Debug|Any CPU.Build.0 = Debug|Any CPU
		{A64C156A-ED8C-4002-9D76-599B70403A5C}.Release|Any CPU.ActiveCfg = Release|Any CPU
		{A64C156A-ED8C-4002-9D76-599B70403A5C}.Release|Any CPU.Build.0 = Release|Any CPU
		{5643111A-799C-491A-93B8-6B7659FECBAD}.Debug|Any CPU.ActiveCfg = Debug|Any CPU
		{5643111A-799C-491A-93B8-6B7659FECBAD}.Debug|Any CPU.Build.0 = Debug|Any CPU
		{5643111A-799C-491A-93B8-6B7659FECBAD}.Release|Any CPU.ActiveCfg = Release|Any CPU
		{5643111A-799C-491A-93B8-6B7659FECBAD}.Release|Any CPU.Build.0 = Release|Any CPU
		{9300DE6B-1059-42E3-8D74-A25F468FCB05}.Debug|Any CPU.ActiveCfg = Debug|Any CPU
		{9300DE6B-1059-42E3-8D74-A25F468FCB05}.Debug|Any CPU.Build.0 = Debug|Any CPU
		{9300DE6B-1059-42E3-8D74-A25F468FCB05}.Release|Any CPU.ActiveCfg = Release|Any CPU
		{9300DE6B-1059-42E3-8D74-A25F468FCB05}.Release|Any CPU.Build.0 = Release|Any CPU
		{4DAE00C0-ABB2-468B-ACFB-FF32174F7B5D}.Debug|Any CPU.ActiveCfg = Debug|Any CPU
		{4DAE00C0-ABB2-468B-ACFB-FF32174F7B5D}.Debug|Any CPU.Build.0 = Debug|Any CPU
		{4DAE00C0-ABB2-468B-ACFB-FF32174F7B5D}.Release|Any CPU.ActiveCfg = Release|Any CPU
		{4DAE00C0-ABB2-468B-ACFB-FF32174F7B5D}.Release|Any CPU.Build.0 = Release|Any CPU
		{07BA687F-0079-44E8-8DC6-222F23F703E1}.Debug|Any CPU.ActiveCfg = Debug|Any CPU
		{07BA687F-0079-44E8-8DC6-222F23F703E1}.Debug|Any CPU.Build.0 = Debug|Any CPU
		{07BA687F-0079-44E8-8DC6-222F23F703E1}.Release|Any CPU.ActiveCfg = Release|Any CPU
		{07BA687F-0079-44E8-8DC6-222F23F703E1}.Release|Any CPU.Build.0 = Release|Any CPU
		{8FCA9EA9-9734-4F8C-85A0-208A10F7B633}.Debug|Any CPU.ActiveCfg = Debug|Any CPU
		{8FCA9EA9-9734-4F8C-85A0-208A10F7B633}.Debug|Any CPU.Build.0 = Debug|Any CPU
		{8FCA9EA9-9734-4F8C-85A0-208A10F7B633}.Release|Any CPU.ActiveCfg = Release|Any CPU
		{8FCA9EA9-9734-4F8C-85A0-208A10F7B633}.Release|Any CPU.Build.0 = Release|Any CPU
		{C1C87172-9082-431B-8EF3-89A8417E5A72}.Debug|Any CPU.ActiveCfg = Debug|Any CPU
		{C1C87172-9082-431B-8EF3-89A8417E5A72}.Debug|Any CPU.Build.0 = Debug|Any CPU
		{C1C87172-9082-431B-8EF3-89A8417E5A72}.Release|Any CPU.ActiveCfg = Release|Any CPU
		{C1C87172-9082-431B-8EF3-89A8417E5A72}.Release|Any CPU.Build.0 = Release|Any CPU
	EndGlobalSection
	GlobalSection(SolutionProperties) = preSolution
		HideSolutionNode = FALSE
	EndGlobalSection
	GlobalSection(NestedProjects) = preSolution
		{C9B3FCD0-A9AE-4371-9D0E-21E14CB004BA} = {430B8349-810B-4C73-B416-0A33BE5118FF}
		{9B48F674-2738-4AED-BB6B-2F837DB2FE0A} = {3B7CFBDA-21AF-469A-824C-C47166FDF863}
		{DFC7BA24-D02F-476A-9F41-AE812482CC7D} = {9B48F674-2738-4AED-BB6B-2F837DB2FE0A}
		{58C7CB0D-8611-4A03-8EF3-B3D1AC32D559} = {AF062A1B-E03C-48B9-B415-A93D60661CF3}
		{DE02CFD8-20E2-4019-AE0B-492D80FC5F52} = {58C7CB0D-8611-4A03-8EF3-B3D1AC32D559}
		{3B7CFBDA-21AF-469A-824C-C47166FDF863} = {AF062A1B-E03C-48B9-B415-A93D60661CF3}
		{F965B850-2937-40CD-AB19-B9CBA16101F3} = {DFC7BA24-D02F-476A-9F41-AE812482CC7D}
		{A64C156A-ED8C-4002-9D76-599B70403A5C} = {430B8349-810B-4C73-B416-0A33BE5118FF}
		{9B707236-3D92-45C7-A393-DBC9B10B1995} = {AF062A1B-E03C-48B9-B415-A93D60661CF3}
		{5643111A-799C-491A-93B8-6B7659FECBAD} = {9B707236-3D92-45C7-A393-DBC9B10B1995}
		{AEDCCA94-E5B7-4AC0-9A4B-47D46A556112} = {3B7CFBDA-21AF-469A-824C-C47166FDF863}
		{F2505ADF-762C-4758-B2DE-4CF1F64B69D1} = {AEDCCA94-E5B7-4AC0-9A4B-47D46A556112}
		{9300DE6B-1059-42E3-8D74-A25F468FCB05} = {F2505ADF-762C-4758-B2DE-4CF1F64B69D1}
		{EFAA32BF-78EF-4049-9427-D7BF68A540B0} = {3B7CFBDA-21AF-469A-824C-C47166FDF863}
		{68C44829-E714-45AE-8BA8-083FEA86E189} = {EFAA32BF-78EF-4049-9427-D7BF68A540B0}
		{4DAE00C0-ABB2-468B-ACFB-FF32174F7B5D} = {68C44829-E714-45AE-8BA8-083FEA86E189}
		{5BDE92BF-9124-478D-9383-DE5F777367A0} = {9B48F674-2738-4AED-BB6B-2F837DB2FE0A}
		{07BA687F-0079-44E8-8DC6-222F23F703E1} = {5BDE92BF-9124-478D-9383-DE5F777367A0}
		{38E15275-A004-489D-B6D1-2945E7DCD4AF} = {3B7CFBDA-21AF-469A-824C-C47166FDF863}
		{30517B02-EB43-444F-AAC2-0570943CD1F4} = {38E15275-A004-489D-B6D1-2945E7DCD4AF}
		{8FCA9EA9-9734-4F8C-85A0-208A10F7B633} = {30517B02-EB43-444F-AAC2-0570943CD1F4}
		{7792438F-9E80-4E92-9947-B4EBB76358C0} = {EFAA32BF-78EF-4049-9427-D7BF68A540B0}
		{C1C87172-9082-431B-8EF3-89A8417E5A72} = {7792438F-9E80-4E92-9947-B4EBB76358C0}
	EndGlobalSection
	GlobalSection(ExtensibilityGlobals) = postSolution
		SolutionGuid = {607ADD17-0B84-49D0-94C0-813E5C93D7D5}
	EndGlobalSection
EndGlobal
